
Microsoft Visual Studio Solution File, Format Version 12.00
# Visual Studio 2013
VisualStudioVersion = 12.0.21005.1
MinimumVisualStudioVersion = 10.0.40219.1
Project("{00D1A9C2-B5F0-4AF3-8072-F6C62B433612}") = "ExpensePoint.Database", "ExpensePoint.Database\ExpensePoint.Database.sqlproj", "{13351453-1AA9-4ADF-9D54-0C1D43FADADB}"
EndProject
Project("{FAE04EC0-301F-11D3-BF4B-00C04F79EFBC}") = "ExpensePoint.Entities", "ExpensePoint.Entities\ExpensePoint.Entities.csproj", "{37688AD1-5908-4422-BE7B-CD82CB96252E}"
EndProject
Global
	GlobalSection(SolutionConfigurationPlatforms) = preSolution
		Debug|Any CPU = Debug|Any CPU
		Release|Any CPU = Release|Any CPU
	EndGlobalSection
	GlobalSection(ProjectConfigurationPlatforms) = postSolution
		{13351453-1AA9-4ADF-9D54-0C1D43FADADB}.Debug|Any CPU.ActiveCfg = Debug|Any CPU
		{13351453-1AA9-4ADF-9D54-0C1D43FADADB}.Debug|Any CPU.Build.0 = Debug|Any CPU
		{13351453-1AA9-4ADF-9D54-0C1D43FADADB}.Debug|Any CPU.Deploy.0 = Debug|Any CPU
		{13351453-1AA9-4ADF-9D54-0C1D43FADADB}.Release|Any CPU.ActiveCfg = Release|Any CPU
		{13351453-1AA9-4ADF-9D54-0C1D43FADADB}.Release|Any CPU.Build.0 = Release|Any CPU
		{13351453-1AA9-4ADF-9D54-0C1D43FADADB}.Release|Any CPU.Deploy.0 = Release|Any CPU
		{37688AD1-5908-4422-BE7B-CD82CB96252E}.Debug|Any CPU.ActiveCfg = Debug|Any CPU
		{37688AD1-5908-4422-BE7B-CD82CB96252E}.Debug|Any CPU.Build.0 = Debug|Any CPU
		{37688AD1-5908-4422-BE7B-CD82CB96252E}.Release|Any CPU.ActiveCfg = Release|Any CPU
		{37688AD1-5908-4422-BE7B-CD82CB96252E}.Release|Any CPU.Build.0 = Release|Any CPU
	EndGlobalSection
	GlobalSection(SolutionProperties) = preSolution
		HideSolutionNode = FALSE
	EndGlobalSection
EndGlobal
